{
  "nodes": {
    "flakeNimbleLib": {
      "inputs": {
        "nixpkgs": [
          "nixpkgs"
        ]
      },
      "locked": {
        "lastModified": 1647920574,
        "narHash": "sha256-D3ob5QykELhyNcTnISOkjEzLlgXltwON8Ucrz5cpiQI=",
        "owner": "riinr",
        "repo": "nim-flakes-lib",
        "rev": "bfb46a1f762002f07f9d81d93dacd544c6890623",
        "type": "github"
      },
      "original": {
        "owner": "riinr",
        "ref": "master",
        "repo": "nim-flakes-lib",
        "type": "github"
      }
    },
    "jsony": {
      "inputs": {
        "flakeNimbleLib": [
          "flakeNimbleLib"
        ],
        "nixpkgs": [
          "nixpkgs"
        ],
        "src-jsony-1_0_5": "src-jsony-1_0_5"
      },
      "locked": {
        "dir": "1_0_5",
        "lastModified": 1648081151,
        "narHash": "sha256-C1lXYsUtCk8kW5cHkMchdBkZzAlRPghqck4pabocLKk=",
        "owner": "nim-nix-pkgs",
        "repo": "jsony",
        "rev": "f2b6b9b70ca112f549615a23e23c590be3cfa89c",
        "type": "github"
      },
      "original": {
        "dir": "1_0_5",
        "owner": "nim-nix-pkgs",
        "ref": "master",
        "repo": "jsony",
        "type": "github"
      }
    },
    "nixpkgs": {
      "locked": {
        "narHash": "sha256-+8mazL4KLh6VltXYJc5+QFA5Q1i+Uh/TadRl9/+qcx8=",
        "path": "/nix/store/gddrvlqs5qf1bp3kc80gp3qg5vm8kj76-source",
        "type": "path"
      },
      "original": {
        "id": "nixpkgs",
        "type": "indirect"
      }
    },
    "root": {
      "inputs": {
        "flakeNimbleLib": "flakeNimbleLib",
        "jsony": "jsony",
        "nixpkgs": "nixpkgs",
        "src-matrix-0_1_0": "src-matrix-0_1_0"
      }
    },
    "src-jsony-1_0_5": {
      "flake": false,
      "locked": {
        "lastModified": 1632722852,
        "narHash": "sha256-x4H33akvt7YrCp8lf6Xb3YYSBv2VgjFpLWdiOi0OFXI=",
        "owner": "treeform",
        "repo": "jsony",
        "rev": "f5a2925f0ce82796deb4a2017759b3f0fb02a079",
        "type": "github"
      },
      "original": {
        "owner": "treeform",
        "ref": "refs/tags/1.0.5",
        "repo": "jsony",
        "type": "github"
      }
    },
    "src-matrix-0_1_0": {
      "flake": false,
      "locked": {
        "lastModified": 1633364087,
        "narHash": "sha256-KT42TVtEiUKvJPtHScb0+1iCGx7PYvJnGNlk6DH/IAc=",
        "owner": "dylhack",
        "repo": "matrix-nim-sdk",
        "rev": "3966bba90de0578497dd144dacf01b46cd111cb5",
        "type": "github"
      },
      "original": {
        "owner": "dylhack",
        "ref": "refs/tags/0.1.0",
        "repo": "matrix-nim-sdk",
        "type": "github"
      }
    }
  },
  "root": "root",
  "version": 7
}
